
Microsoft Visual Studio Solution File, Format Version 12.00
# Visual Studio for Mac
Project("{FAE04EC0-301F-11D3-BF4B-00C04F79EFBC}") = "Assembly-CSharp", "Assembly-CSharp.csproj", "{8DFF2C85-1514-1EAD-AA60-99ACC5B19E40}"
EndProject
Project("{FAE04EC0-301F-11D3-BF4B-00C04F79EFBC}") = "Assembly-CSharp-Editor", "Assembly-CSharp-Editor.csproj", "{5E355459-2313-75D7-69CF-5414899A0500}"
EndProject
Global
	GlobalSection(SolutionConfigurationPlatforms) = preSolution
		Debug|Any CPU = Debug|Any CPU
		Release|Any CPU = Release|Any CPU
	EndGlobalSection
	GlobalSection(ProjectConfigurationPlatforms) = postSolution
		{8DFF2C85-1514-1EAD-AA60-99ACC5B19E40}.Debug|Any CPU.ActiveCfg = Debug|Any CPU
		{8DFF2C85-1514-1EAD-AA60-99ACC5B19E40}.Debug|Any CPU.Build.0 = Debug|Any CPU
		{8DFF2C85-1514-1EAD-AA60-99ACC5B19E40}.Release|Any CPU.ActiveCfg = Release|Any CPU
		{8DFF2C85-1514-1EAD-AA60-99ACC5B19E40}.Release|Any CPU.Build.0 = Release|Any CPU
		{5E355459-2313-75D7-69CF-5414899A0500}.Debug|Any CPU.ActiveCfg = Debug|Any CPU
		{5E355459-2313-75D7-69CF-5414899A0500}.Debug|Any CPU.Build.0 = Debug|Any CPU
		{5E355459-2313-75D7-69CF-5414899A0500}.Release|Any CPU.ActiveCfg = Release|Any CPU
		{5E355459-2313-75D7-69CF-5414899A0500}.Release|Any CPU.Build.0 = Release|Any CPU
	EndGlobalSection
	GlobalSection(SolutionProperties) = preSolution
		HideSolutionNode = FALSE
	EndGlobalSection
EndGlobal
